
Microsoft Visual Studio Solution File, Format Version 12.00
# Visual Studio 15
VisualStudioVersion = 15.0.28010.2036
MinimumVisualStudioVersion = 10.0.40219.1
Project("{FAE04EC0-301F-11D3-BF4B-00C04F79EFBC}") = "Array", "Array\Array.csproj", "{25E66381-8650-4729-8139-D32A038234DC}"
EndProject
Global
	GlobalSection(SolutionConfigurationPlatforms) = preSolution
		Debug|Any CPU = Debug|Any CPU
		Release|Any CPU = Release|Any CPU
	EndGlobalSection
	GlobalSection(ProjectConfigurationPlatforms) = postSolution
		{25E66381-8650-4729-8139-D32A038234DC}.Debug|Any CPU.ActiveCfg = Debug|Any CPU
		{25E66381-8650-4729-8139-D32A038234DC}.Debug|Any CPU.Build.0 = Debug|Any CPU
		{25E66381-8650-4729-8139-D32A038234DC}.Release|Any CPU.ActiveCfg = Release|Any CPU
		{25E66381-8650-4729-8139-D32A038234DC}.Release|Any CPU.Build.0 = Release|Any CPU
	EndGlobalSection
	GlobalSection(SolutionProperties) = preSolution
		HideSolutionNode = FALSE
	EndGlobalSection
	GlobalSection(ExtensibilityGlobals) = postSolution
		SolutionGuid = {30FB7622-25ED-4FC0-9516-BFB933C59566}
	EndGlobalSection
EndGlobal
